// !$*UTF8*$!
{
	archiveVersion = 1;
	classes = {
	};
	objectVersion = 46;
	objects = {

/* Begin PBXBuildFile section */
		062A3D55F87FA6F4CB6C5F08 /* Pods_Explora.framework in Frameworks */ = {isa = PBXBuildFile; fileRef = A72B4C40C9A988AC31761544 /* Pods_Explora.framework */; };
		65A854131BD74675003090FD /* Credentials.plist in Resources */ = {isa = PBXBuildFile; fileRef = 65A854121BD74675003090FD /* Credentials.plist */; };
		65A854171BD74B54003090FD /* DiscoveryViewController.swift in Sources */ = {isa = PBXBuildFile; fileRef = 65A854161BD74B54003090FD /* DiscoveryViewController.swift */; };
		65A8541B1BD74ED1003090FD /* Settings.bundle in Resources */ = {isa = PBXBuildFile; fileRef = 65A8541A1BD74ED1003090FD /* Settings.bundle */; };
		65A8541D1BD85713003090FD /* EventDetailViewController.swift in Sources */ = {isa = PBXBuildFile; fileRef = 65A8541C1BD85713003090FD /* EventDetailViewController.swift */; };
		8404812D1BCF55A8007A693E /* AppDelegate.swift in Sources */ = {isa = PBXBuildFile; fileRef = 8404812C1BCF55A8007A693E /* AppDelegate.swift */; };
		8404812F1BCF55A8007A693E /* ViewController.swift in Sources */ = {isa = PBXBuildFile; fileRef = 8404812E1BCF55A8007A693E /* ViewController.swift */; };
		840481321BCF55A9007A693E /* Discovery.storyboard in Resources */ = {isa = PBXBuildFile; fileRef = 840481301BCF55A8007A693E /* Discovery.storyboard */; };
		840481341BCF55A9007A693E /* Assets.xcassets in Resources */ = {isa = PBXBuildFile; fileRef = 840481331BCF55A9007A693E /* Assets.xcassets */; };
		840481371BCF55A9007A693E /* LaunchScreen.storyboard in Resources */ = {isa = PBXBuildFile; fileRef = 840481351BCF55A9007A693E /* LaunchScreen.storyboard */; };
		840481401BD3967A007A693E /* MapKit.framework in Frameworks */ = {isa = PBXBuildFile; fileRef = 8404813F1BD3967A007A693E /* MapKit.framework */; };
		840481481BD398A7007A693E /* Credentials.swift in Sources */ = {isa = PBXBuildFile; fileRef = 840481471BD398A7007A693E /* Credentials.swift */; };
		8404814A1BD3A1BB007A693E /* ExploraUser.swift in Sources */ = {isa = PBXBuildFile; fileRef = 840481491BD3A1BB007A693E /* ExploraUser.swift */; };
		8404814C1BD3A327007A693E /* ExploraEvent.swift in Sources */ = {isa = PBXBuildFile; fileRef = 8404814B1BD3A327007A693E /* ExploraEvent.swift */; };
		8404814E1BD3B22D007A693E /* ExploraClient.swift in Sources */ = {isa = PBXBuildFile; fileRef = 8404814D1BD3B22D007A693E /* ExploraClient.swift */; };
		840481501BD3B38E007A693E /* SignUpViewController.swift in Sources */ = {isa = PBXBuildFile; fileRef = 8404814F1BD3B38E007A693E /* SignUpViewController.swift */; };
		840481521BD3B3EB007A693E /* LoginFlow.storyboard in Resources */ = {isa = PBXBuildFile; fileRef = 840481511BD3B3EB007A693E /* LoginFlow.storyboard */; };
		840481551BD844A3007A693E /* LoginViewController.swift in Sources */ = {isa = PBXBuildFile; fileRef = 840481541BD844A3007A693E /* LoginViewController.swift */; };
		847203611BDF08F5004ECE70 /* ProfileViewController.swift in Sources */ = {isa = PBXBuildFile; fileRef = 847203601BDF08F5004ECE70 /* ProfileViewController.swift */; };
		84CC38411BDF287200540453 /* Profile.storyboard in Resources */ = {isa = PBXBuildFile; fileRef = 84CC38401BDF287200540453 /* Profile.storyboard */; };
/* End PBXBuildFile section */

/* Begin PBXFileReference section */
		02EDA61D1230A10DA55F5559 /* Pods-Explora.release.xcconfig */ = {isa = PBXFileReference; includeInIndex = 1; lastKnownFileType = text.xcconfig; name = "Pods-Explora.release.xcconfig"; path = "Pods/Target Support Files/Pods-Explora/Pods-Explora.release.xcconfig"; sourceTree = "<group>"; };
		55B517AB83F9FF3B15E38BB2 /* Pods-Explora.debug.xcconfig */ = {isa = PBXFileReference; includeInIndex = 1; lastKnownFileType = text.xcconfig; name = "Pods-Explora.debug.xcconfig"; path = "Pods/Target Support Files/Pods-Explora/Pods-Explora.debug.xcconfig"; sourceTree = "<group>"; };
		65A854121BD74675003090FD /* Credentials.plist */ = {isa = PBXFileReference; fileEncoding = 4; lastKnownFileType = text.plist.xml; path = Credentials.plist; sourceTree = "<group>"; };
		65A854161BD74B54003090FD /* DiscoveryViewController.swift */ = {isa = PBXFileReference; fileEncoding = 4; lastKnownFileType = sourcecode.swift; path = DiscoveryViewController.swift; sourceTree = "<group>"; };
		65A8541A1BD74ED1003090FD /* Settings.bundle */ = {isa = PBXFileReference; lastKnownFileType = "wrapper.plug-in"; path = Settings.bundle; sourceTree = "<group>"; };
		65A8541C1BD85713003090FD /* EventDetailViewController.swift */ = {isa = PBXFileReference; fileEncoding = 4; lastKnownFileType = sourcecode.swift; path = EventDetailViewController.swift; sourceTree = "<group>"; };
		840481291BCF55A8007A693E /* Explora.app */ = {isa = PBXFileReference; explicitFileType = wrapper.application; includeInIndex = 0; path = Explora.app; sourceTree = BUILT_PRODUCTS_DIR; };
		8404812C1BCF55A8007A693E /* AppDelegate.swift */ = {isa = PBXFileReference; lastKnownFileType = sourcecode.swift; path = AppDelegate.swift; sourceTree = "<group>"; };
		8404812E1BCF55A8007A693E /* ViewController.swift */ = {isa = PBXFileReference; lastKnownFileType = sourcecode.swift; path = ViewController.swift; sourceTree = "<group>"; };
		840481311BCF55A8007A693E /* Base */ = {isa = PBXFileReference; lastKnownFileType = file.storyboard; name = Base; path = Base.lproj/Discovery.storyboard; sourceTree = "<group>"; };
		840481331BCF55A9007A693E /* Assets.xcassets */ = {isa = PBXFileReference; lastKnownFileType = folder.assetcatalog; path = Assets.xcassets; sourceTree = "<group>"; };
		840481361BCF55A9007A693E /* Base */ = {isa = PBXFileReference; lastKnownFileType = file.storyboard; name = Base; path = Base.lproj/LaunchScreen.storyboard; sourceTree = "<group>"; };
		840481381BCF55A9007A693E /* Info.plist */ = {isa = PBXFileReference; lastKnownFileType = text.plist.xml; path = Info.plist; sourceTree = "<group>"; };
		8404813F1BD3967A007A693E /* MapKit.framework */ = {isa = PBXFileReference; lastKnownFileType = wrapper.framework; name = MapKit.framework; path = System/Library/Frameworks/MapKit.framework; sourceTree = SDKROOT; };
		840481471BD398A7007A693E /* Credentials.swift */ = {isa = PBXFileReference; fileEncoding = 4; lastKnownFileType = sourcecode.swift; path = Credentials.swift; sourceTree = "<group>"; };
		840481491BD3A1BB007A693E /* ExploraUser.swift */ = {isa = PBXFileReference; fileEncoding = 4; lastKnownFileType = sourcecode.swift; path = ExploraUser.swift; sourceTree = "<group>"; };
		8404814B1BD3A327007A693E /* ExploraEvent.swift */ = {isa = PBXFileReference; fileEncoding = 4; lastKnownFileType = sourcecode.swift; path = ExploraEvent.swift; sourceTree = "<group>"; };
		8404814D1BD3B22D007A693E /* ExploraClient.swift */ = {isa = PBXFileReference; fileEncoding = 4; lastKnownFileType = sourcecode.swift; path = ExploraClient.swift; sourceTree = "<group>"; };
		8404814F1BD3B38E007A693E /* SignUpViewController.swift */ = {isa = PBXFileReference; fileEncoding = 4; lastKnownFileType = sourcecode.swift; path = SignUpViewController.swift; sourceTree = "<group>"; };
		840481511BD3B3EB007A693E /* LoginFlow.storyboard */ = {isa = PBXFileReference; fileEncoding = 4; lastKnownFileType = file.storyboard; path = LoginFlow.storyboard; sourceTree = "<group>"; };
		840481541BD844A3007A693E /* LoginViewController.swift */ = {isa = PBXFileReference; fileEncoding = 4; lastKnownFileType = sourcecode.swift; path = LoginViewController.swift; sourceTree = "<group>"; };
		847203601BDF08F5004ECE70 /* ProfileViewController.swift */ = {isa = PBXFileReference; fileEncoding = 4; lastKnownFileType = sourcecode.swift; path = ProfileViewController.swift; sourceTree = "<group>"; };
		84CC38401BDF287200540453 /* Profile.storyboard */ = {isa = PBXFileReference; fileEncoding = 4; lastKnownFileType = file.storyboard; path = Profile.storyboard; sourceTree = "<group>"; };
		A72B4C40C9A988AC31761544 /* Pods_Explora.framework */ = {isa = PBXFileReference; explicitFileType = wrapper.framework; includeInIndex = 0; path = Pods_Explora.framework; sourceTree = BUILT_PRODUCTS_DIR; };
/* End PBXFileReference section */

/* Begin PBXFrameworksBuildPhase section */
		840481261BCF55A8007A693E /* Frameworks */ = {
			isa = PBXFrameworksBuildPhase;
			buildActionMask = 2147483647;
			files = (
				840481401BD3967A007A693E /* MapKit.framework in Frameworks */,
				062A3D55F87FA6F4CB6C5F08 /* Pods_Explora.framework in Frameworks */,
			);
			runOnlyForDeploymentPostprocessing = 0;
		};
/* End PBXFrameworksBuildPhase section */

/* Begin PBXGroup section */
		0DBC6D82025B71492E19F2A1 /* Pods */ = {
			isa = PBXGroup;
			children = (
				55B517AB83F9FF3B15E38BB2 /* Pods-Explora.debug.xcconfig */,
				02EDA61D1230A10DA55F5559 /* Pods-Explora.release.xcconfig */,
			);
			name = Pods;
			sourceTree = "<group>";
		};
		840481201BCF55A8007A693E = {
			isa = PBXGroup;
			children = (
				8404812B1BCF55A8007A693E /* Explora */,
				8404812A1BCF55A8007A693E /* Products */,
				0DBC6D82025B71492E19F2A1 /* Pods */,
				F96BB0C8C835664916C33318 /* Frameworks */,
			);
			sourceTree = "<group>";
		};
		8404812A1BCF55A8007A693E /* Products */ = {
			isa = PBXGroup;
			children = (
				840481291BCF55A8007A693E /* Explora.app */,
			);
			name = Products;
			sourceTree = "<group>";
		};
		8404812B1BCF55A8007A693E /* Explora */ = {
			isa = PBXGroup;
			children = (
				65A8541A1BD74ED1003090FD /* Settings.bundle */,
				840481411BD39704007A693E /* Models */,
				840481461BD39898007A693E /* API */,
				8472035F1BDF04C1004ECE70 /* Profile */,
				8404812C1BCF55A8007A693E /* AppDelegate.swift */,
				8404812E1BCF55A8007A693E /* ViewController.swift */,
				8404814F1BD3B38E007A693E /* SignUpViewController.swift */,
				840481541BD844A3007A693E /* LoginViewController.swift */,
				840481511BD3B3EB007A693E /* LoginFlow.storyboard */,
				840481301BCF55A8007A693E /* Discovery.storyboard */,
				65A8541C1BD85713003090FD /* EventDetailViewController.swift */,
				840481331BCF55A9007A693E /* Assets.xcassets */,
				840481351BCF55A9007A693E /* LaunchScreen.storyboard */,
				840481381BCF55A9007A693E /* Info.plist */,
				65A854121BD74675003090FD /* Credentials.plist */,
				65A854161BD74B54003090FD /* DiscoveryViewController.swift */,
			);
			path = Explora;
			sourceTree = "<group>";
		};
		840481411BD39704007A693E /* Models */ = {
			isa = PBXGroup;
			children = (
				840481491BD3A1BB007A693E /* ExploraUser.swift */,
				8404814B1BD3A327007A693E /* ExploraEvent.swift */,
			);
			name = Models;
			sourceTree = "<group>";
		};
		840481461BD39898007A693E /* API */ = {
			isa = PBXGroup;
			children = (
				840481471BD398A7007A693E /* Credentials.swift */,
				8404814D1BD3B22D007A693E /* ExploraClient.swift */,
			);
			name = API;
			sourceTree = "<group>";
		};
		8472035F1BDF04C1004ECE70 /* Profile */ = {
			isa = PBXGroup;
			children = (
				847203601BDF08F5004ECE70 /* ProfileViewController.swift */,
				84CC38401BDF287200540453 /* Profile.storyboard */,
			);
			name = Profile;
			sourceTree = "<group>";
		};
		F96BB0C8C835664916C33318 /* Frameworks */ = {
			isa = PBXGroup;
			children = (
				8404813F1BD3967A007A693E /* MapKit.framework */,
				A72B4C40C9A988AC31761544 /* Pods_Explora.framework */,
			);
			name = Frameworks;
			sourceTree = "<group>";
		};
/* End PBXGroup section */

/* Begin PBXNativeTarget section */
		840481281BCF55A8007A693E /* Explora */ = {
			isa = PBXNativeTarget;
			buildConfigurationList = 8404813B1BCF55A9007A693E /* Build configuration list for PBXNativeTarget "Explora" */;
			buildPhases = (
				55AC8A8599FE584B04AEDE1E /* Check Pods Manifest.lock */,
				840481251BCF55A8007A693E /* Sources */,
				840481261BCF55A8007A693E /* Frameworks */,
				840481271BCF55A8007A693E /* Resources */,
				1973DB5A4EBEC47AA65ACFAD /* Embed Pods Frameworks */,
				D8B32A5FEF1370ACD2FF1BDF /* Copy Pods Resources */,
			);
			buildRules = (
			);
			dependencies = (
			);
			name = Explora;
			productName = Explora;
			productReference = 840481291BCF55A8007A693E /* Explora.app */;
			productType = "com.apple.product-type.application";
		};
/* End PBXNativeTarget section */

/* Begin PBXProject section */
		840481211BCF55A8007A693E /* Project object */ = {
			isa = PBXProject;
			attributes = {
				LastUpgradeCheck = 0700;
				ORGANIZATIONNAME = "explora-codepath";
				TargetAttributes = {
					840481281BCF55A8007A693E = {
						CreatedOnToolsVersion = 7.0;
						SystemCapabilities = {
							com.apple.BackgroundModes = {
								enabled = 1;
							};
							com.apple.Maps.iOS = {
								enabled = 1;
							};
						};
					};
				};
			};
			buildConfigurationList = 840481241BCF55A8007A693E /* Build configuration list for PBXProject "Explora" */;
			compatibilityVersion = "Xcode 3.2";
			developmentRegion = English;
			hasScannedForEncodings = 0;
			knownRegions = (
				en,
				Base,
			);
			mainGroup = 840481201BCF55A8007A693E;
			productRefGroup = 8404812A1BCF55A8007A693E /* Products */;
			projectDirPath = "";
			projectRoot = "";
			targets = (
				840481281BCF55A8007A693E /* Explora */,
			);
		};
/* End PBXProject section */

/* Begin PBXResourcesBuildPhase section */
		840481271BCF55A8007A693E /* Resources */ = {
			isa = PBXResourcesBuildPhase;
			buildActionMask = 2147483647;
			files = (
				840481371BCF55A9007A693E /* LaunchScreen.storyboard in Resources */,
				840481341BCF55A9007A693E /* Assets.xcassets in Resources */,
				65A854131BD74675003090FD /* Credentials.plist in Resources */,
				840481321BCF55A9007A693E /* Discovery.storyboard in Resources */,
				65A8541B1BD74ED1003090FD /* Settings.bundle in Resources */,
				84CC38411BDF287200540453 /* Profile.storyboard in Resources */,
				840481521BD3B3EB007A693E /* LoginFlow.storyboard in Resources */,
			);
			runOnlyForDeploymentPostprocessing = 0;
		};
/* End PBXResourcesBuildPhase section */

/* Begin PBXShellScriptBuildPhase section */
		1973DB5A4EBEC47AA65ACFAD /* Embed Pods Frameworks */ = {
			isa = PBXShellScriptBuildPhase;
			buildActionMask = 2147483647;
			files = (
			);
			inputPaths = (
			);
			name = "Embed Pods Frameworks";
			outputPaths = (
			);
			runOnlyForDeploymentPostprocessing = 0;
			shellPath = /bin/sh;
			shellScript = "\"${SRCROOT}/Pods/Target Support Files/Pods-Explora/Pods-Explora-frameworks.sh\"\n";
			showEnvVarsInLog = 0;
		};
		55AC8A8599FE584B04AEDE1E /* Check Pods Manifest.lock */ = {
			isa = PBXShellScriptBuildPhase;
			buildActionMask = 2147483647;
			files = (
			);
			inputPaths = (
			);
			name = "Check Pods Manifest.lock";
			outputPaths = (
			);
			runOnlyForDeploymentPostprocessing = 0;
			shellPath = /bin/sh;
			shellScript = "diff \"${PODS_ROOT}/../Podfile.lock\" \"${PODS_ROOT}/Manifest.lock\" > /dev/null\nif [[ $? != 0 ]] ; then\n    cat << EOM\nerror: The sandbox is not in sync with the Podfile.lock. Run 'pod install' or update your CocoaPods installation.\nEOM\n    exit 1\nfi\n";
			showEnvVarsInLog = 0;
		};
		D8B32A5FEF1370ACD2FF1BDF /* Copy Pods Resources */ = {
			isa = PBXShellScriptBuildPhase;
			buildActionMask = 2147483647;
			files = (
			);
			inputPaths = (
			);
			name = "Copy Pods Resources";
			outputPaths = (
			);
			runOnlyForDeploymentPostprocessing = 0;
			shellPath = /bin/sh;
			shellScript = "\"${SRCROOT}/Pods/Target Support Files/Pods-Explora/Pods-Explora-resources.sh\"\n";
			showEnvVarsInLog = 0;
		};
/* End PBXShellScriptBuildPhase section */

/* Begin PBXSourcesBuildPhase section */
		840481251BCF55A8007A693E /* Sources */ = {
			isa = PBXSourcesBuildPhase;
			buildActionMask = 2147483647;
			files = (
				8404814C1BD3A327007A693E /* ExploraEvent.swift in Sources */,
				840481501BD3B38E007A693E /* SignUpViewController.swift in Sources */,
				8404812F1BCF55A8007A693E /* ViewController.swift in Sources */,
				65A8541D1BD85713003090FD /* EventDetailViewController.swift in Sources */,
				8404812D1BCF55A8007A693E /* AppDelegate.swift in Sources */,
				840481551BD844A3007A693E /* LoginViewController.swift in Sources */,
				847203611BDF08F5004ECE70 /* ProfileViewController.swift in Sources */,
				8404814A1BD3A1BB007A693E /* ExploraUser.swift in Sources */,
				8404814E1BD3B22D007A693E /* ExploraClient.swift in Sources */,
				840481481BD398A7007A693E /* Credentials.swift in Sources */,
				65A854171BD74B54003090FD /* DiscoveryViewController.swift in Sources */,
			);
			runOnlyForDeploymentPostprocessing = 0;
		};
/* End PBXSourcesBuildPhase section */

/* Begin PBXVariantGroup section */
		840481301BCF55A8007A693E /* Discovery.storyboard */ = {
			isa = PBXVariantGroup;
			children = (
				840481311BCF55A8007A693E /* Base */,
			);
			name = Discovery.storyboard;
			sourceTree = "<group>";
		};
		840481351BCF55A9007A693E /* LaunchScreen.storyboard */ = {
			isa = PBXVariantGroup;
			children = (
				840481361BCF55A9007A693E /* Base */,
			);
			name = LaunchScreen.storyboard;
			sourceTree = "<group>";
		};
/* End PBXVariantGroup section */

/* Begin XCBuildConfiguration section */
		840481391BCF55A9007A693E /* Debug */ = {
			isa = XCBuildConfiguration;
			buildSettings = {
				ALWAYS_SEARCH_USER_PATHS = NO;
				CLANG_CXX_LANGUAGE_STANDARD = "gnu++0x";
				CLANG_CXX_LIBRARY = "libc++";
				CLANG_ENABLE_MODULES = YES;
				CLANG_ENABLE_OBJC_ARC = YES;
				CLANG_WARN_BOOL_CONVERSION = YES;
				CLANG_WARN_CONSTANT_CONVERSION = YES;
				CLANG_WARN_DIRECT_OBJC_ISA_USAGE = YES_ERROR;
				CLANG_WARN_EMPTY_BODY = YES;
				CLANG_WARN_ENUM_CONVERSION = YES;
				CLANG_WARN_INT_CONVERSION = YES;
				CLANG_WARN_OBJC_ROOT_CLASS = YES_ERROR;
				CLANG_WARN_UNREACHABLE_CODE = YES;
				CLANG_WARN__DUPLICATE_METHOD_MATCH = YES;
				"CODE_SIGN_IDENTITY[sdk=iphoneos*]" = "iPhone Developer";
				COPY_PHASE_STRIP = NO;
				DEBUG_INFORMATION_FORMAT = dwarf;
				ENABLE_STRICT_OBJC_MSGSEND = YES;
				ENABLE_TESTABILITY = YES;
				GCC_C_LANGUAGE_STANDARD = gnu99;
				GCC_DYNAMIC_NO_PIC = NO;
				GCC_NO_COMMON_BLOCKS = YES;
				GCC_OPTIMIZATION_LEVEL = 0;
				GCC_PREPROCESSOR_DEFINITIONS = (
					"DEBUG=1",
					"$(inherited)",
				);
				GCC_WARN_64_TO_32_BIT_CONVERSION = YES;
				GCC_WARN_ABOUT_RETURN_TYPE = YES_ERROR;
				GCC_WARN_UNDECLARED_SELECTOR = YES;
				GCC_WARN_UNINITIALIZED_AUTOS = YES_AGGRESSIVE;
				GCC_WARN_UNUSED_FUNCTION = YES;
				GCC_WARN_UNUSED_VARIABLE = YES;
				IPHONEOS_DEPLOYMENT_TARGET = 9.0;
				MTL_ENABLE_DEBUG_INFO = YES;
				ONLY_ACTIVE_ARCH = YES;
				SDKROOT = iphoneos;
				SWIFT_OPTIMIZATION_LEVEL = "-Onone";
			};
			name = Debug;
		};
		8404813A1BCF55A9007A693E /* Release */ = {
			isa = XCBuildConfiguration;
			buildSettings = {
				ALWAYS_SEARCH_USER_PATHS = NO;
				CLANG_CXX_LANGUAGE_STANDARD = "gnu++0x";
				CLANG_CXX_LIBRARY = "libc++";
				CLANG_ENABLE_MODULES = YES;
				CLANG_ENABLE_OBJC_ARC = YES;
				CLANG_WARN_BOOL_CONVERSION = YES;
				CLANG_WARN_CONSTANT_CONVERSION = YES;
				CLANG_WARN_DIRECT_OBJC_ISA_USAGE = YES_ERROR;
				CLANG_WARN_EMPTY_BODY = YES;
				CLANG_WARN_ENUM_CONVERSION = YES;
				CLANG_WARN_INT_CONVERSION = YES;
				CLANG_WARN_OBJC_ROOT_CLASS = YES_ERROR;
				CLANG_WARN_UNREACHABLE_CODE = YES;
				CLANG_WARN__DUPLICATE_METHOD_MATCH = YES;
				"CODE_SIGN_IDENTITY[sdk=iphoneos*]" = "iPhone Developer";
				COPY_PHASE_STRIP = NO;
				DEBUG_INFORMATION_FORMAT = "dwarf-with-dsym";
				ENABLE_NS_ASSERTIONS = NO;
				ENABLE_STRICT_OBJC_MSGSEND = YES;
				GCC_C_LANGUAGE_STANDARD = gnu99;
				GCC_NO_COMMON_BLOCKS = YES;
				GCC_WARN_64_TO_32_BIT_CONVERSION = YES;
				GCC_WARN_ABOUT_RETURN_TYPE = YES_ERROR;
				GCC_WARN_UNDECLARED_SELECTOR = YES;
				GCC_WARN_UNINITIALIZED_AUTOS = YES_AGGRESSIVE;
				GCC_WARN_UNUSED_FUNCTION = YES;
				GCC_WARN_UNUSED_VARIABLE = YES;
				IPHONEOS_DEPLOYMENT_TARGET = 9.0;
				MTL_ENABLE_DEBUG_INFO = NO;
				SDKROOT = iphoneos;
				VALIDATE_PRODUCT = YES;
			};
			name = Release;
		};
		8404813C1BCF55A9007A693E /* Debug */ = {
			isa = XCBuildConfiguration;
			baseConfigurationReference = 55B517AB83F9FF3B15E38BB2 /* Pods-Explora.debug.xcconfig */;
			buildSettings = {
				ASSETCATALOG_COMPILER_APPICON_NAME = AppIcon;
				INFOPLIST_FILE = Explora/Info.plist;
				LD_RUNPATH_SEARCH_PATHS = "$(inherited) @executable_path/Frameworks";
				PRODUCT_BUNDLE_IDENTIFIER = "com.explora-codepath.Explora";
				PRODUCT_NAME = "$(TARGET_NAME)";
			};
			name = Debug;
		};
		8404813D1BCF55A9007A693E /* Release */ = {
			isa = XCBuildConfiguration;
			baseConfigurationReference = 02EDA61D1230A10DA55F5559 /* Pods-Explora.release.xcconfig */;
			buildSettings = {
				ASSETCATALOG_COMPILER_APPICON_NAME = AppIcon;
				INFOPLIST_FILE = Explora/Info.plist;
				LD_RUNPATH_SEARCH_PATHS = "$(inherited) @executable_path/Frameworks";
				PRODUCT_BUNDLE_IDENTIFIER = "com.explora-codepath.Explora";
				PRODUCT_NAME = "$(TARGET_NAME)";
			};
			name = Release;
		};
/* End XCBuildConfiguration section */

/* Begin XCConfigurationList section */
		840481241BCF55A8007A693E /* Build configuration list for PBXProject "Explora" */ = {
			isa = XCConfigurationList;
			buildConfigurations = (
				840481391BCF55A9007A693E /* Debug */,
				8404813A1BCF55A9007A693E /* Release */,
			);
			defaultConfigurationIsVisible = 0;
			defaultConfigurationName = Release;
		};
		8404813B1BCF55A9007A693E /* Build configuration list for PBXNativeTarget "Explora" */ = {
			isa = XCConfigurationList;
			buildConfigurations = (
				8404813C1BCF55A9007A693E /* Debug */,
				8404813D1BCF55A9007A693E /* Release */,
			);
			defaultConfigurationIsVisible = 0;
			defaultConfigurationName = Release;
		};
/* End XCConfigurationList section */
	};
	rootObject = 840481211BCF55A8007A693E /* Project object */;
}
