// !$*UTF8*$!
{
	archiveVersion = 1;
	classes = {
	};
	objectVersion = 46;
	objects = {

/* Begin PBXBuildFile section */
		8404812D1BCF55A8007A693E /* AppDelegate.swift in Sources */ = {isa = PBXBuildFile; fileRef = 8404812C1BCF55A8007A693E /* AppDelegate.swift */; };
		8404812F1BCF55A8007A693E /* ViewController.swift in Sources */ = {isa = PBXBuildFile; fileRef = 8404812E1BCF55A8007A693E /* ViewController.swift */; };
		840481321BCF55A9007A693E /* Main.storyboard in Resources */ = {isa = PBXBuildFile; fileRef = 840481301BCF55A8007A693E /* Main.storyboard */; };
		840481341BCF55A9007A693E /* Assets.xcassets in Resources */ = {isa = PBXBuildFile; fileRef = 840481331BCF55A9007A693E /* Assets.xcassets */; };
		840481371BCF55A9007A693E /* LaunchScreen.storyboard in Resources */ = {isa = PBXBuildFile; fileRef = 840481351BCF55A9007A693E /* LaunchScreen.storyboard */; };
/* End PBXBuildFile section */

/* Begin PBXFileReference section */
		840481291BCF55A8007A693E /* Explora.app */ = {isa = PBXFileReference; explicitFileType = wrapper.application; includeInIndex = 0; path = Explora.app; sourceTree = BUILT_PRODUCTS_DIR; };
		8404812C1BCF55A8007A693E /* AppDelegate.swift */ = {isa = PBXFileReference; lastKnownFileType = sourcecode.swift; path = AppDelegate.swift; sourceTree = "<group>"; };
		8404812E1BCF55A8007A693E /* ViewController.swift */ = {isa = PBXFileReference; lastKnownFileType = sourcecode.swift; path = ViewController.swift; sourceTree = "<group>"; };
		840481311BCF55A8007A693E /* Base */ = {isa = PBXFileReference; lastKnownFileType = file.storyboard; name = Base; path = Base.lproj/Main.storyboard; sourceTree = "<group>"; };
		840481331BCF55A9007A693E /* Assets.xcassets */ = {isa = PBXFileReference; lastKnownFileType = folder.assetcatalog; path = Assets.xcassets; sourceTree = "<group>"; };
		840481361BCF55A9007A693E /* Base */ = {isa = PBXFileReference; lastKnownFileType = file.storyboard; name = Base; path = Base.lproj/LaunchScreen.storyboard; sourceTree = "<group>"; };
		840481381BCF55A9007A693E /* Info.plist */ = {isa = PBXFileReference; lastKnownFileType = text.plist.xml; path = Info.plist; sourceTree = "<group>"; };
/* End PBXFileReference section */

/* Begin PBXFrameworksBuildPhase section */
		840481261BCF55A8007A693E /* Frameworks */ = {
			isa = PBXFrameworksBuildPhase;
			buildActionMask = 2147483647;
			files = (
			);
			runOnlyForDeploymentPostprocessing = 0;
		};
/* End PBXFrameworksBuildPhase section */

/* Begin PBXGroup section */
		840481201BCF55A8007A693E = {
			isa = PBXGroup;
			children = (
				8404812B1BCF55A8007A693E /* Explora */,
				8404812A1BCF55A8007A693E /* Products */,
			);
			sourceTree = "<group>";
		};
		8404812A1BCF55A8007A693E /* Products */ = {
			isa = PBXGroup;
			children = (
				840481291BCF55A8007A693E /* Explora.app */,
			);
			name = Products;
			sourceTree = "<group>";
		};
		8404812B1BCF55A8007A693E /* Explora */ = {
			isa = PBXGroup;
			children = (
				8404812C1BCF55A8007A693E /* AppDelegate.swift */,
				8404812E1BCF55A8007A693E /* ViewController.swift */,
				840481301BCF55A8007A693E /* Main.storyboard */,
				840481331BCF55A9007A693E /* Assets.xcassets */,
				840481351BCF55A9007A693E /* LaunchScreen.storyboard */,
				840481381BCF55A9007A693E /* Info.plist */,
			);
			path = Explora;
			sourceTree = "<group>";
		};
/* End PBXGroup section */

/* Begin PBXNativeTarget section */
		840481281BCF55A8007A693E /* Explora */ = {
			isa = PBXNativeTarget;
			buildConfigurationList = 8404813B1BCF55A9007A693E /* Build configuration list for PBXNativeTarget "Explora" */;
			buildPhases = (
				840481251BCF55A8007A693E /* Sources */,
				840481261BCF55A8007A693E /* Frameworks */,
				840481271BCF55A8007A693E /* Resources */,
			);
			buildRules = (
			);
			dependencies = (
			);
			name = Explora;
			productName = Explora;
			productReference = 840481291BCF55A8007A693E /* Explora.app */;
			productType = "com.apple.product-type.application";
		};
/* End PBXNativeTarget section */

/* Begin PBXProject section */
		840481211BCF55A8007A693E /* Project object */ = {
			isa = PBXProject;
			attributes = {
				LastUpgradeCheck = 0700;
				ORGANIZATIONNAME = "explora-codepath";
				TargetAttributes = {
					840481281BCF55A8007A693E = {
						CreatedOnToolsVersion = 7.0;
					};
				};
			};
			buildConfigurationList = 840481241BCF55A8007A693E /* Build configuration list for PBXProject "Explora" */;
			compatibilityVersion = "Xcode 3.2";
			developmentRegion = English;
			hasScannedForEncodings = 0;
			knownRegions = (
				en,
				Base,
			);
			mainGroup = 840481201BCF55A8007A693E;
			productRefGroup = 8404812A1BCF55A8007A693E /* Products */;
			projectDirPath = "";
			projectRoot = "";
			targets = (
				840481281BCF55A8007A693E /* Explora */,
			);
		};
/* End PBXProject section */

/* Begin PBXResourcesBuildPhase section */
		840481271BCF55A8007A693E /* Resources */ = {
			isa = PBXResourcesBuildPhase;
			buildActionMask = 2147483647;
			files = (
				840481371BCF55A9007A693E /* LaunchScreen.storyboard in Resources */,
				840481341BCF55A9007A693E /* Assets.xcassets in Resources */,
				840481321BCF55A9007A693E /* Main.storyboard in Resources */,
			);
			runOnlyForDeploymentPostprocessing = 0;
		};
/* End PBXResourcesBuildPhase section */

/* Begin PBXSourcesBuildPhase section */
		840481251BCF55A8007A693E /* Sources */ = {
			isa = PBXSourcesBuildPhase;
			buildActionMask = 2147483647;
			files = (
				8404812F1BCF55A8007A693E /* ViewController.swift in Sources */,
				8404812D1BCF55A8007A693E /* AppDelegate.swift in Sources */,
			);
			runOnlyForDeploymentPostprocessing = 0;
		};
/* End PBXSourcesBuildPhase section */

/* Begin PBXVariantGroup section */
		840481301BCF55A8007A693E /* Main.storyboard */ = {
			isa = PBXVariantGroup;
			children = (
				840481311BCF55A8007A693E /* Base */,
			);
			name = Main.storyboard;
			sourceTree = "<group>";
		};
		840481351BCF55A9007A693E /* LaunchScreen.storyboard */ = {
			isa = PBXVariantGroup;
			children = (
				840481361BCF55A9007A693E /* Base */,
			);
			name = LaunchScreen.storyboard;
			sourceTree = "<group>";
		};
/* End PBXVariantGroup section */

/* Begin XCBuildConfiguration section */
		840481391BCF55A9007A693E /* Debug */ = {
			isa = XCBuildConfiguration;
			buildSettings = {
				ALWAYS_SEARCH_USER_PATHS = NO;
				CLANG_CXX_LANGUAGE_STANDARD = "gnu++0x";
				CLANG_CXX_LIBRARY = "libc++";
				CLANG_ENABLE_MODULES = YES;
				CLANG_ENABLE_OBJC_ARC = YES;
				CLANG_WARN_BOOL_CONVERSION = YES;
				CLANG_WARN_CONSTANT_CONVERSION = YES;
				CLANG_WARN_DIRECT_OBJC_ISA_USAGE = YES_ERROR;
				CLANG_WARN_EMPTY_BODY = YES;
				CLANG_WARN_ENUM_CONVERSION = YES;
				CLANG_WARN_INT_CONVERSION = YES;
				CLANG_WARN_OBJC_ROOT_CLASS = YES_ERROR;
				CLANG_WARN_UNREACHABLE_CODE = YES;
				CLANG_WARN__DUPLICATE_METHOD_MATCH = YES;
				"CODE_SIGN_IDENTITY[sdk=iphoneos*]" = "iPhone Developer";
				COPY_PHASE_STRIP = NO;
				DEBUG_INFORMATION_FORMAT = dwarf;
				ENABLE_STRICT_OBJC_MSGSEND = YES;
				ENABLE_TESTABILITY = YES;
				GCC_C_LANGUAGE_STANDARD = gnu99;
				GCC_DYNAMIC_NO_PIC = NO;
				GCC_NO_COMMON_BLOCKS = YES;
				GCC_OPTIMIZATION_LEVEL = 0;
				GCC_PREPROCESSOR_DEFINITIONS = (
					"DEBUG=1",
					"$(inherited)",
				);
				GCC_WARN_64_TO_32_BIT_CONVERSION = YES;
				GCC_WARN_ABOUT_RETURN_TYPE = YES_ERROR;
				GCC_WARN_UNDECLARED_SELECTOR = YES;
				GCC_WARN_UNINITIALIZED_AUTOS = YES_AGGRESSIVE;
				GCC_WARN_UNUSED_FUNCTION = YES;
				GCC_WARN_UNUSED_VARIABLE = YES;
				IPHONEOS_DEPLOYMENT_TARGET = 9.0;
				MTL_ENABLE_DEBUG_INFO = YES;
				ONLY_ACTIVE_ARCH = YES;
				SDKROOT = iphoneos;
				SWIFT_OPTIMIZATION_LEVEL = "-Onone";
			};
			name = Debug;
		};
		8404813A1BCF55A9007A693E /* Release */ = {
			isa = XCBuildConfiguration;
			buildSettings = {
				ALWAYS_SEARCH_USER_PATHS = NO;
				CLANG_CXX_LANGUAGE_STANDARD = "gnu++0x";
				CLANG_CXX_LIBRARY = "libc++";
				CLANG_ENABLE_MODULES = YES;
				CLANG_ENABLE_OBJC_ARC = YES;
				CLANG_WARN_BOOL_CONVERSION = YES;
				CLANG_WARN_CONSTANT_CONVERSION = YES;
				CLANG_WARN_DIRECT_OBJC_ISA_USAGE = YES_ERROR;
				CLANG_WARN_EMPTY_BODY = YES;
				CLANG_WARN_ENUM_CONVERSION = YES;
				CLANG_WARN_INT_CONVERSION = YES;
				CLANG_WARN_OBJC_ROOT_CLASS = YES_ERROR;
				CLANG_WARN_UNREACHABLE_CODE = YES;
				CLANG_WARN__DUPLICATE_METHOD_MATCH = YES;
				"CODE_SIGN_IDENTITY[sdk=iphoneos*]" = "iPhone Developer";
				COPY_PHASE_STRIP = NO;
				DEBUG_INFORMATION_FORMAT = "dwarf-with-dsym";
				ENABLE_NS_ASSERTIONS = NO;
				ENABLE_STRICT_OBJC_MSGSEND = YES;
				GCC_C_LANGUAGE_STANDARD = gnu99;
				GCC_NO_COMMON_BLOCKS = YES;
				GCC_WARN_64_TO_32_BIT_CONVERSION = YES;
				GCC_WARN_ABOUT_RETURN_TYPE = YES_ERROR;
				GCC_WARN_UNDECLARED_SELECTOR = YES;
				GCC_WARN_UNINITIALIZED_AUTOS = YES_AGGRESSIVE;
				GCC_WARN_UNUSED_FUNCTION = YES;
				GCC_WARN_UNUSED_VARIABLE = YES;
				IPHONEOS_DEPLOYMENT_TARGET = 9.0;
				MTL_ENABLE_DEBUG_INFO = NO;
				SDKROOT = iphoneos;
				VALIDATE_PRODUCT = YES;
			};
			name = Release;
		};
		8404813C1BCF55A9007A693E /* Debug */ = {
			isa = XCBuildConfiguration;
			buildSettings = {
				ASSETCATALOG_COMPILER_APPICON_NAME = AppIcon;
				INFOPLIST_FILE = Explora/Info.plist;
				LD_RUNPATH_SEARCH_PATHS = "$(inherited) @executable_path/Frameworks";
				PRODUCT_BUNDLE_IDENTIFIER = "com.explora-codepath.Explora";
				PRODUCT_NAME = "$(TARGET_NAME)";
			};
			name = Debug;
		};
		8404813D1BCF55A9007A693E /* Release */ = {
			isa = XCBuildConfiguration;
			buildSettings = {
				ASSETCATALOG_COMPILER_APPICON_NAME = AppIcon;
				INFOPLIST_FILE = Explora/Info.plist;
				LD_RUNPATH_SEARCH_PATHS = "$(inherited) @executable_path/Frameworks";
				PRODUCT_BUNDLE_IDENTIFIER = "com.explora-codepath.Explora";
				PRODUCT_NAME = "$(TARGET_NAME)";
			};
			name = Release;
		};
/* End XCBuildConfiguration section */

/* Begin XCConfigurationList section */
		840481241BCF55A8007A693E /* Build configuration list for PBXProject "Explora" */ = {
			isa = XCConfigurationList;
			buildConfigurations = (
				840481391BCF55A9007A693E /* Debug */,
				8404813A1BCF55A9007A693E /* Release */,
			);
			defaultConfigurationIsVisible = 0;
			defaultConfigurationName = Release;
		};
		8404813B1BCF55A9007A693E /* Build configuration list for PBXNativeTarget "Explora" */ = {
			isa = XCConfigurationList;
			buildConfigurations = (
				8404813C1BCF55A9007A693E /* Debug */,
				8404813D1BCF55A9007A693E /* Release */,
			);
			defaultConfigurationIsVisible = 0;
		};
/* End XCConfigurationList section */
	};
	rootObject = 840481211BCF55A8007A693E /* Project object */;
}
